
Microsoft Visual Studio Solution File, Format Version 12.00
# Visual Studio 2013
VisualStudioVersion = 12.0.40629.0
MinimumVisualStudioVersion = 10.0.40219.1
Project("{FAE04EC0-301F-11D3-BF4B-00C04F79EFBC}") = "TransitSocial.ChicagoTransitAuthority.BusTracker", "TransitSocial.ChicagoTransitAuthority.BusTracker\TransitSocial.ChicagoTransitAuthority.BusTracker.csproj", "{BF83A67F-088B-41C2-AFF9-F7755B2F5914}"
EndProject
Project("{FAE04EC0-301F-11D3-BF4B-00C04F79EFBC}") = "TransitSocial.ChicagoTransitAuthority.BusTracker.Tests", "TransitSocial.ChicagoTransitAuthority.BusTracker.Tests\TransitSocial.ChicagoTransitAuthority.BusTracker.Tests.csproj", "{435FD94B-B4EE-4D48-AC88-12762B964B68}"
EndProject
Global
	GlobalSection(SolutionConfigurationPlatforms) = preSolution
		Debug|Any CPU = Debug|Any CPU
		Debug|ARM = Debug|ARM
		Debug|x64 = Debug|x64
		Debug|x86 = Debug|x86
		Release|Any CPU = Release|Any CPU
		Release|ARM = Release|ARM
		Release|x64 = Release|x64
		Release|x86 = Release|x86
	EndGlobalSection
	GlobalSection(ProjectConfigurationPlatforms) = postSolution
		{BF83A67F-088B-41C2-AFF9-F7755B2F5914}.Debug|Any CPU.ActiveCfg = Debug|Any CPU
		{BF83A67F-088B-41C2-AFF9-F7755B2F5914}.Debug|Any CPU.Build.0 = Debug|Any CPU
		{BF83A67F-088B-41C2-AFF9-F7755B2F5914}.Debug|ARM.ActiveCfg = Debug|Any CPU
		{BF83A67F-088B-41C2-AFF9-F7755B2F5914}.Debug|x64.ActiveCfg = Debug|Any CPU
		{BF83A67F-088B-41C2-AFF9-F7755B2F5914}.Debug|x86.ActiveCfg = Debug|Any CPU
		{BF83A67F-088B-41C2-AFF9-F7755B2F5914}.Release|Any CPU.ActiveCfg = Release|Any CPU
		{BF83A67F-088B-41C2-AFF9-F7755B2F5914}.Release|Any CPU.Build.0 = Release|Any CPU
		{BF83A67F-088B-41C2-AFF9-F7755B2F5914}.Release|ARM.ActiveCfg = Release|Any CPU
		{BF83A67F-088B-41C2-AFF9-F7755B2F5914}.Release|x64.ActiveCfg = Release|Any CPU
		{BF83A67F-088B-41C2-AFF9-F7755B2F5914}.Release|x86.ActiveCfg = Release|Any CPU
		{435FD94B-B4EE-4D48-AC88-12762B964B68}.Debug|Any CPU.ActiveCfg = Debug|Any CPU
		{435FD94B-B4EE-4D48-AC88-12762B964B68}.Debug|Any CPU.Build.0 = Debug|Any CPU
		{435FD94B-B4EE-4D48-AC88-12762B964B68}.Debug|ARM.ActiveCfg = Debug|Any CPU
		{435FD94B-B4EE-4D48-AC88-12762B964B68}.Debug|x64.ActiveCfg = Debug|Any CPU
		{435FD94B-B4EE-4D48-AC88-12762B964B68}.Debug|x86.ActiveCfg = Debug|Any CPU
		{435FD94B-B4EE-4D48-AC88-12762B964B68}.Release|Any CPU.ActiveCfg = Release|Any CPU
		{435FD94B-B4EE-4D48-AC88-12762B964B68}.Release|Any CPU.Build.0 = Release|Any CPU
		{435FD94B-B4EE-4D48-AC88-12762B964B68}.Release|ARM.ActiveCfg = Release|Any CPU
		{435FD94B-B4EE-4D48-AC88-12762B964B68}.Release|x64.ActiveCfg = Release|Any CPU
		{435FD94B-B4EE-4D48-AC88-12762B964B68}.Release|x86.ActiveCfg = Release|Any CPU
	EndGlobalSection
	GlobalSection(SolutionProperties) = preSolution
		HideSolutionNode = FALSE
	EndGlobalSection
EndGlobal
